
Microsoft Visual Studio Solution File, Format Version 12.00
# Visual Studio Version 17
VisualStudioVersion = 17.2.32630.192
MinimumVisualStudioVersion = 10.0.40219.1
Project("{FAE04EC0-301F-11D3-BF4B-00C04F79EFBC}") = "ListadeContactosCRUD", "ListadeContactosCRUD\ListadeContactosCRUD.csproj", "{CA83F727-B172-463F-9F97-5DB2A37866DA}"
EndProject
Global
	GlobalSection(SolutionConfigurationPlatforms) = preSolution
		Debug|Any CPU = Debug|Any CPU
		Release|Any CPU = Release|Any CPU
	EndGlobalSection
	GlobalSection(ProjectConfigurationPlatforms) = postSolution
		{CA83F727-B172-463F-9F97-5DB2A37866DA}.Debug|Any CPU.ActiveCfg = Debug|Any CPU
		{CA83F727-B172-463F-9F97-5DB2A37866DA}.Debug|Any CPU.Build.0 = Debug|Any CPU
		{CA83F727-B172-463F-9F97-5DB2A37866DA}.Release|Any CPU.ActiveCfg = Release|Any CPU
		{CA83F727-B172-463F-9F97-5DB2A37866DA}.Release|Any CPU.Build.0 = Release|Any CPU
	EndGlobalSection
	GlobalSection(SolutionProperties) = preSolution
		HideSolutionNode = FALSE
	EndGlobalSection
	GlobalSection(ExtensibilityGlobals) = postSolution
		SolutionGuid = {08FE655A-4065-4FD5-9C73-A0FBA848F8A5}
	EndGlobalSection
EndGlobal
